
Microsoft Visual Studio Solution File, Format Version 12.00
# Visual Studio 15
VisualStudioVersion = 15.0.27428.2037
MinimumVisualStudioVersion = 10.0.40219.1
Project("{8BC9CEB8-8B4A-11D0-8D11-00A0C91BC942}") = "AODV", "AODV\AODV.vcxproj", "{7A8F6483-97FE-4994-B8C4-2C936C566554}"
EndProject
Global
	GlobalSection(SolutionConfigurationPlatforms) = preSolution
		Debug|Win32 = Debug|Win32
		Debug|x64 = Debug|x64
		Release|Win32 = Release|Win32
		Release|x64 = Release|x64
	EndGlobalSection
	GlobalSection(ProjectConfigurationPlatforms) = postSolution
		{7A8F6483-97FE-4994-B8C4-2C936C566554}.Debug|Win32.ActiveCfg = Debug|Win32
		{7A8F6483-97FE-4994-B8C4-2C936C566554}.Debug|Win32.Build.0 = Debug|Win32
		{7A8F6483-97FE-4994-B8C4-2C936C566554}.Debug|x64.ActiveCfg = Debug|x64
		{7A8F6483-97FE-4994-B8C4-2C936C566554}.Debug|x64.Build.0 = Debug|x64
		{7A8F6483-97FE-4994-B8C4-2C936C566554}.Release|Win32.ActiveCfg = Release|Win32
		{7A8F6483-97FE-4994-B8C4-2C936C566554}.Release|Win32.Build.0 = Release|Win32
		{7A8F6483-97FE-4994-B8C4-2C936C566554}.Release|x64.ActiveCfg = Release|x64
		{7A8F6483-97FE-4994-B8C4-2C936C566554}.Release|x64.Build.0 = Release|x64
	EndGlobalSection
	GlobalSection(SolutionProperties) = preSolution
		HideSolutionNode = FALSE
	EndGlobalSection
	GlobalSection(ExtensibilityGlobals) = postSolution
		SolutionGuid = {D73456C5-B150-46C3-9E95-C282C6777726}
	EndGlobalSection
EndGlobal
